{
  "name": "hexo-theme-shoka",
  "version": "0.2.5",
  "lockfileVersion": 3,
  "requires": true,
  "packages": {
    "": {
      "name": "hexo-theme-shoka",
      "version": "0.2.5",
      "license": "MIT",
      "dependencies": {
        "hexo-theme-shoka": "file:"
      }
    },
    "node_modules/hexo-theme-shoka": {
      "resolved": "",
      "link": true
    }
  }
}
